
Microsoft Visual Studio Solution File, Format Version 12.00
# Visual Studio Version 17
VisualStudioVersion = 17.2.32630.192
MinimumVisualStudioVersion = 10.0.40219.1
Project("{FAE04EC0-301F-11D3-BF4B-00C04F79EFBC}") = "ShoppingApp2", "ShoppingApp2\ShoppingApp2.csproj", "{E7B643DD-A5A3-4D71-A572-CB5890E73B0F}"
EndProject
Global
	GlobalSection(SolutionConfigurationPlatforms) = preSolution
		Debug|Any CPU = Debug|Any CPU
		Release|Any CPU = Release|Any CPU
	EndGlobalSection
	GlobalSection(ProjectConfigurationPlatforms) = postSolution
		{E7B643DD-A5A3-4D71-A572-CB5890E73B0F}.Debug|Any CPU.ActiveCfg = Debug|Any CPU
		{E7B643DD-A5A3-4D71-A572-CB5890E73B0F}.Debug|Any CPU.Build.0 = Debug|Any CPU
		{E7B643DD-A5A3-4D71-A572-CB5890E73B0F}.Release|Any CPU.ActiveCfg = Release|Any CPU
		{E7B643DD-A5A3-4D71-A572-CB5890E73B0F}.Release|Any CPU.Build.0 = Release|Any CPU
	EndGlobalSection
	GlobalSection(SolutionProperties) = preSolution
		HideSolutionNode = FALSE
	EndGlobalSection
	GlobalSection(ExtensibilityGlobals) = postSolution
		SolutionGuid = {BEF9FB49-A4AA-44EE-A3BB-A42B69B9D053}
	EndGlobalSection
EndGlobal
